
Microsoft Visual Studio Solution File, Format Version 12.00
# Visual Studio 15
VisualStudioVersion = 15.0.28307.645
MinimumVisualStudioVersion = 10.0.40219.1
Project("{FAE04EC0-301F-11D3-BF4B-00C04F79EFBC}") = "EventBus", "EventBus\EventBus.csproj", "{B6F39084-5BDC-4CFA-8391-EB02CBD21CE9}"
EndProject
Global
	GlobalSection(SolutionConfigurationPlatforms) = preSolution
		Debug|Any CPU = Debug|Any CPU
		Release|Any CPU = Release|Any CPU
	EndGlobalSection
	GlobalSection(ProjectConfigurationPlatforms) = postSolution
		{B6F39084-5BDC-4CFA-8391-EB02CBD21CE9}.Debug|Any CPU.ActiveCfg = Debug|Any CPU
		{B6F39084-5BDC-4CFA-8391-EB02CBD21CE9}.Debug|Any CPU.Build.0 = Debug|Any CPU
		{B6F39084-5BDC-4CFA-8391-EB02CBD21CE9}.Release|Any CPU.ActiveCfg = Release|Any CPU
		{B6F39084-5BDC-4CFA-8391-EB02CBD21CE9}.Release|Any CPU.Build.0 = Release|Any CPU
	EndGlobalSection
	GlobalSection(SolutionProperties) = preSolution
		HideSolutionNode = FALSE
	EndGlobalSection
	GlobalSection(ExtensibilityGlobals) = postSolution
		SolutionGuid = {AF9EAABB-1239-434A-A438-9CA83AB5E353}
	EndGlobalSection
EndGlobal
